// !$*UTF8*$!
{
	archiveVersion = 1;
	classes = {
	};
	objectVersion = 77;
	objects = {

/* Begin PBXBuildFile section */
		0F9862BF2ECE1EC500E5B45C /* SQLiteData in Frameworks */ = {isa = PBXBuildFile; productRef = 0F9862BE2ECE1EC500E5B45C /* SQLiteData */; };
		0F9862C12ECE1EC500E5B45C /* SQLiteDataTestSupport in Frameworks */ = {isa = PBXBuildFile; productRef = 0F9862C02ECE1EC500E5B45C /* SQLiteDataTestSupport */; };
		0F9862CC2ED4FB6F00E5B45C /* SwiftUINavigation in Frameworks */ = {isa = PBXBuildFile; productRef = 0F9862CB2ED4FB6F00E5B45C /* SwiftUINavigation */; };
		0F9862CE2ED4FB6F00E5B45C /* SwiftUINavigationCore in Frameworks */ = {isa = PBXBuildFile; productRef = 0F9862CD2ED4FB6F00E5B45C /* SwiftUINavigationCore */; };
/* End PBXBuildFile section */

/* Begin PBXContainerItemProxy section */
		0F49BC072ECDFB430035ACDF /* PBXContainerItemProxy */ = {
			isa = PBXContainerItemProxy;
			containerPortal = 0F49BBF12ECDFB420035ACDF /* Project object */;
			proxyType = 1;
			remoteGlobalIDString = 0F49BBF82ECDFB420035ACDF;
			remoteInfo = Ida;
		};
		0F49BC112ECDFB430035ACDF /* PBXContainerItemProxy */ = {
			isa = PBXContainerItemProxy;
			containerPortal = 0F49BBF12ECDFB420035ACDF /* Project object */;
			proxyType = 1;
			remoteGlobalIDString = 0F49BBF82ECDFB420035ACDF;
			remoteInfo = Ida;
		};
/* End PBXContainerItemProxy section */

/* Begin PBXFileReference section */
		0F49BBF92ECDFB420035ACDF /* Ida: Baby Activity Logger.app */ = {isa = PBXFileReference; explicitFileType = wrapper.application; includeInIndex = 0; path = "Ida: Baby Activity Logger.app"; sourceTree = BUILT_PRODUCTS_DIR; };
		0F49BC062ECDFB430035ACDF /* IdaTests.xctest */ = {isa = PBXFileReference; explicitFileType = wrapper.cfbundle; includeInIndex = 0; path = IdaTests.xctest; sourceTree = BUILT_PRODUCTS_DIR; };
		0F49BC102ECDFB430035ACDF /* IdaUITests.xctest */ = {isa = PBXFileReference; explicitFileType = wrapper.cfbundle; includeInIndex = 0; path = IdaUITests.xctest; sourceTree = BUILT_PRODUCTS_DIR; };
/* End PBXFileReference section */

/* Begin PBXFileSystemSynchronizedBuildFileExceptionSet section */
		0F9862C82ED4F9E000E5B45C /* Exceptions for "Ida" folder in "Ida" target */ = {
			isa = PBXFileSystemSynchronizedBuildFileExceptionSet;
			membershipExceptions = (
				Info.plist,
			);
			target = 0F49BBF82ECDFB420035ACDF /* Ida */;
		};
/* End PBXFileSystemSynchronizedBuildFileExceptionSet section */

/* Begin PBXFileSystemSynchronizedRootGroup section */
		0F49BBFB2ECDFB420035ACDF /* Ida */ = {
			isa = PBXFileSystemSynchronizedRootGroup;
			exceptions = (
				0F9862C82ED4F9E000E5B45C /* Exceptions for "Ida" folder in "Ida" target */,
			);
			path = Ida;
			sourceTree = "<group>";
		};
		0F49BC092ECDFB430035ACDF /* IdaTests */ = {
			isa = PBXFileSystemSynchronizedRootGroup;
			path = IdaTests;
			sourceTree = "<group>";
		};
		0F49BC132ECDFB430035ACDF /* IdaUITests */ = {
			isa = PBXFileSystemSynchronizedRootGroup;
			path = IdaUITests;
			sourceTree = "<group>";
		};
/* End PBXFileSystemSynchronizedRootGroup section */

/* Begin PBXFrameworksBuildPhase section */
		0F49BBF62ECDFB420035ACDF /* Frameworks */ = {
			isa = PBXFrameworksBuildPhase;
			buildActionMask = 2147483647;
			files = (
				0F9862CC2ED4FB6F00E5B45C /* SwiftUINavigation in Frameworks */,
				0F9862CE2ED4FB6F00E5B45C /* SwiftUINavigationCore in Frameworks */,
				0F9862BF2ECE1EC500E5B45C /* SQLiteData in Frameworks */,
			);
			runOnlyForDeploymentPostprocessing = 0;
		};
		0F49BC032ECDFB430035ACDF /* Frameworks */ = {
			isa = PBXFrameworksBuildPhase;
			buildActionMask = 2147483647;
			files = (
				0F9862C12ECE1EC500E5B45C /* SQLiteDataTestSupport in Frameworks */,
			);
			runOnlyForDeploymentPostprocessing = 0;
		};
		0F49BC0D2ECDFB430035ACDF /* Frameworks */ = {
			isa = PBXFrameworksBuildPhase;
			buildActionMask = 2147483647;
			files = (
			);
			runOnlyForDeploymentPostprocessing = 0;
		};
/* End PBXFrameworksBuildPhase section */

/* Begin PBXGroup section */
		0F49BBF02ECDFB420035ACDF = {
			isa = PBXGroup;
			children = (
				0F49BBFB2ECDFB420035ACDF /* Ida */,
				0F49BC092ECDFB430035ACDF /* IdaTests */,
				0F49BC132ECDFB430035ACDF /* IdaUITests */,
				0F49BBFA2ECDFB420035ACDF /* Products */,
			);
			sourceTree = "<group>";
		};
		0F49BBFA2ECDFB420035ACDF /* Products */ = {
			isa = PBXGroup;
			children = (
				0F49BBF92ECDFB420035ACDF /* Ida: Baby Activity Logger.app */,
				0F49BC062ECDFB430035ACDF /* IdaTests.xctest */,
				0F49BC102ECDFB430035ACDF /* IdaUITests.xctest */,
			);
			name = Products;
			sourceTree = "<group>";
		};
/* End PBXGroup section */

/* Begin PBXNativeTarget section */
		0F49BBF82ECDFB420035ACDF /* Ida */ = {
			isa = PBXNativeTarget;
			buildConfigurationList = 0F49BC1A2ECDFB430035ACDF /* Build configuration list for PBXNativeTarget "Ida" */;
			buildPhases = (
				0F49BBF52ECDFB420035ACDF /* Sources */,
				0F49BBF62ECDFB420035ACDF /* Frameworks */,
				0F49BBF72ECDFB420035ACDF /* Resources */,
			);
			buildRules = (
			);
			dependencies = (
			);
			fileSystemSynchronizedGroups = (
				0F49BBFB2ECDFB420035ACDF /* Ida */,
			);
			name = Ida;
			packageProductDependencies = (
				0F9862BE2ECE1EC500E5B45C /* SQLiteData */,
				0F9862CB2ED4FB6F00E5B45C /* SwiftUINavigation */,
				0F9862CD2ED4FB6F00E5B45C /* SwiftUINavigationCore */,
			);
			productName = Ida;
			productReference = 0F49BBF92ECDFB420035ACDF /* Ida: Baby Activity Logger.app */;
			productType = "com.apple.product-type.application";
		};
		0F49BC052ECDFB430035ACDF /* IdaTests */ = {
			isa = PBXNativeTarget;
			buildConfigurationList = 0F49BC1D2ECDFB430035ACDF /* Build configuration list for PBXNativeTarget "IdaTests" */;
			buildPhases = (
				0F49BC022ECDFB430035ACDF /* Sources */,
				0F49BC032ECDFB430035ACDF /* Frameworks */,
				0F49BC042ECDFB430035ACDF /* Resources */,
			);
			buildRules = (
			);
			dependencies = (
				0F49BC082ECDFB430035ACDF /* PBXTargetDependency */,
			);
			fileSystemSynchronizedGroups = (
				0F49BC092ECDFB430035ACDF /* IdaTests */,
			);
			name = IdaTests;
			packageProductDependencies = (
				0F9862C02ECE1EC500E5B45C /* SQLiteDataTestSupport */,
			);
			productName = IdaTests;
			productReference = 0F49BC062ECDFB430035ACDF /* IdaTests.xctest */;
			productType = "com.apple.product-type.bundle.unit-test";
		};
		0F49BC0F2ECDFB430035ACDF /* IdaUITests */ = {
			isa = PBXNativeTarget;
			buildConfigurationList = 0F49BC202ECDFB430035ACDF /* Build configuration list for PBXNativeTarget "IdaUITests" */;
			buildPhases = (
				0F49BC0C2ECDFB430035ACDF /* Sources */,
				0F49BC0D2ECDFB430035ACDF /* Frameworks */,
				0F49BC0E2ECDFB430035ACDF /* Resources */,
			);
			buildRules = (
			);
			dependencies = (
				0F49BC122ECDFB430035ACDF /* PBXTargetDependency */,
			);
			fileSystemSynchronizedGroups = (
				0F49BC132ECDFB430035ACDF /* IdaUITests */,
			);
			name = IdaUITests;
			packageProductDependencies = (
			);
			productName = IdaUITests;
			productReference = 0F49BC102ECDFB430035ACDF /* IdaUITests.xctest */;
			productType = "com.apple.product-type.bundle.ui-testing";
		};
/* End PBXNativeTarget section */

/* Begin PBXProject section */
		0F49BBF12ECDFB420035ACDF /* Project object */ = {
			isa = PBXProject;
			attributes = {
				BuildIndependentTargetsInParallel = 1;
				LastSwiftUpdateCheck = 2610;
				LastUpgradeCheck = 2610;
				TargetAttributes = {
					0F49BBF82ECDFB420035ACDF = {
						CreatedOnToolsVersion = 26.1.1;
					};
					0F49BC052ECDFB430035ACDF = {
						CreatedOnToolsVersion = 26.1.1;
						TestTargetID = 0F49BBF82ECDFB420035ACDF;
					};
					0F49BC0F2ECDFB430035ACDF = {
						CreatedOnToolsVersion = 26.1.1;
						TestTargetID = 0F49BBF82ECDFB420035ACDF;
					};
				};
			};
			buildConfigurationList = 0F49BBF42ECDFB420035ACDF /* Build configuration list for PBXProject "Ida" */;
			developmentRegion = en;
			hasScannedForEncodings = 0;
			knownRegions = (
				en,
				Base,
				de,
			);
			mainGroup = 0F49BBF02ECDFB420035ACDF;
			minimizedProjectReferenceProxies = 1;
			packageReferences = (
				0F9862BD2ECE1EC500E5B45C /* XCRemoteSwiftPackageReference "sqlite-data" */,
				0F9862CA2ED4FB6F00E5B45C /* XCRemoteSwiftPackageReference "swiftui-navigation" */,
			);
			preferredProjectObjectVersion = 77;
			productRefGroup = 0F49BBFA2ECDFB420035ACDF /* Products */;
			projectDirPath = "";
			projectRoot = "";
			targets = (
				0F49BBF82ECDFB420035ACDF /* Ida */,
				0F49BC052ECDFB430035ACDF /* IdaTests */,
				0F49BC0F2ECDFB430035ACDF /* IdaUITests */,
			);
		};
/* End PBXProject section */

/* Begin PBXResourcesBuildPhase section */
		0F49BBF72ECDFB420035ACDF /* Resources */ = {
			isa = PBXResourcesBuildPhase;
			buildActionMask = 2147483647;
			files = (
			);
			runOnlyForDeploymentPostprocessing = 0;
		};
		0F49BC042ECDFB430035ACDF /* Resources */ = {
			isa = PBXResourcesBuildPhase;
			buildActionMask = 2147483647;
			files = (
			);
			runOnlyForDeploymentPostprocessing = 0;
		};
		0F49BC0E2ECDFB430035ACDF /* Resources */ = {
			isa = PBXResourcesBuildPhase;
			buildActionMask = 2147483647;
			files = (
			);
			runOnlyForDeploymentPostprocessing = 0;
		};
/* End PBXResourcesBuildPhase section */

/* Begin PBXSourcesBuildPhase section */
		0F49BBF52ECDFB420035ACDF /* Sources */ = {
			isa = PBXSourcesBuildPhase;
			buildActionMask = 2147483647;
			files = (
			);
			runOnlyForDeploymentPostprocessing = 0;
		};
		0F49BC022ECDFB430035ACDF /* Sources */ = {
			isa = PBXSourcesBuildPhase;
			buildActionMask = 2147483647;
			files = (
			);
			runOnlyForDeploymentPostprocessing = 0;
		};
		0F49BC0C2ECDFB430035ACDF /* Sources */ = {
			isa = PBXSourcesBuildPhase;
			buildActionMask = 2147483647;
			files = (
			);
			runOnlyForDeploymentPostprocessing = 0;
		};
/* End PBXSourcesBuildPhase section */

/* Begin PBXTargetDependency section */
		0F49BC082ECDFB430035ACDF /* PBXTargetDependency */ = {
			isa = PBXTargetDependency;
			target = 0F49BBF82ECDFB420035ACDF /* Ida */;
			targetProxy = 0F49BC072ECDFB430035ACDF /* PBXContainerItemProxy */;
		};
		0F49BC122ECDFB430035ACDF /* PBXTargetDependency */ = {
			isa = PBXTargetDependency;
			target = 0F49BBF82ECDFB420035ACDF /* Ida */;
			targetProxy = 0F49BC112ECDFB430035ACDF /* PBXContainerItemProxy */;
		};
/* End PBXTargetDependency section */

/* Begin XCBuildConfiguration section */
		0F49BC182ECDFB430035ACDF /* Debug */ = {
			isa = XCBuildConfiguration;
			buildSettings = {
				ALWAYS_SEARCH_USER_PATHS = NO;
				ASSETCATALOG_COMPILER_GENERATE_SWIFT_ASSET_SYMBOL_EXTENSIONS = YES;
				CLANG_ANALYZER_NONNULL = YES;
				CLANG_ANALYZER_NUMBER_OBJECT_CONVERSION = YES_AGGRESSIVE;
				CLANG_CXX_LANGUAGE_STANDARD = "gnu++20";
				CLANG_ENABLE_MODULES = YES;
				CLANG_ENABLE_OBJC_ARC = YES;
				CLANG_ENABLE_OBJC_WEAK = YES;
				CLANG_WARN_BLOCK_CAPTURE_AUTORELEASING = YES;
				CLANG_WARN_BOOL_CONVERSION = YES;
				CLANG_WARN_COMMA = YES;
				CLANG_WARN_CONSTANT_CONVERSION = YES;
				CLANG_WARN_DEPRECATED_OBJC_IMPLEMENTATIONS = YES;
				CLANG_WARN_DIRECT_OBJC_ISA_USAGE = YES_ERROR;
				CLANG_WARN_DOCUMENTATION_COMMENTS = YES;
				CLANG_WARN_EMPTY_BODY = YES;
				CLANG_WARN_ENUM_CONVERSION = YES;
				CLANG_WARN_INFINITE_RECURSION = YES;
				CLANG_WARN_INT_CONVERSION = YES;
				CLANG_WARN_NON_LITERAL_NULL_CONVERSION = YES;
				CLANG_WARN_OBJC_IMPLICIT_RETAIN_SELF = YES;
				CLANG_WARN_OBJC_LITERAL_CONVERSION = YES;
				CLANG_WARN_OBJC_ROOT_CLASS = YES_ERROR;
				CLANG_WARN_QUOTED_INCLUDE_IN_FRAMEWORK_HEADER = YES;
				CLANG_WARN_RANGE_LOOP_ANALYSIS = YES;
				CLANG_WARN_STRICT_PROTOTYPES = YES;
				CLANG_WARN_SUSPICIOUS_MOVE = YES;
				CLANG_WARN_UNGUARDED_AVAILABILITY = YES_AGGRESSIVE;
				CLANG_WARN_UNREACHABLE_CODE = YES;
				CLANG_WARN__DUPLICATE_METHOD_MATCH = YES;
				COPY_PHASE_STRIP = NO;
				DEBUG_INFORMATION_FORMAT = dwarf;
				DEVELOPMENT_TEAM = N8BZ833L9R;
				ENABLE_STRICT_OBJC_MSGSEND = YES;
				ENABLE_TESTABILITY = YES;
				ENABLE_USER_SCRIPT_SANDBOXING = YES;
				GCC_C_LANGUAGE_STANDARD = gnu17;
				GCC_DYNAMIC_NO_PIC = NO;
				GCC_NO_COMMON_BLOCKS = YES;
				GCC_OPTIMIZATION_LEVEL = 0;
				GCC_PREPROCESSOR_DEFINITIONS = (
					"DEBUG=1",
					"$(inherited)",
				);
				GCC_WARN_64_TO_32_BIT_CONVERSION = YES;
				GCC_WARN_ABOUT_RETURN_TYPE = YES_ERROR;
				GCC_WARN_UNDECLARED_SELECTOR = YES;
				GCC_WARN_UNINITIALIZED_AUTOS = YES_AGGRESSIVE;
				GCC_WARN_UNUSED_FUNCTION = YES;
				GCC_WARN_UNUSED_VARIABLE = YES;
				LOCALIZATION_PREFERS_STRING_CATALOGS = YES;
				MTL_ENABLE_DEBUG_INFO = INCLUDE_SOURCE;
				MTL_FAST_MATH = YES;
				ONLY_ACTIVE_ARCH = YES;
				SWIFT_ACTIVE_COMPILATION_CONDITIONS = "DEBUG $(inherited)";
				SWIFT_EMIT_LOC_STRINGS = YES;
				SWIFT_OPTIMIZATION_LEVEL = "-Onone";
			};
			name = Debug;
		};
		0F49BC192ECDFB430035ACDF /* Release */ = {
			isa = XCBuildConfiguration;
			buildSettings = {
				ALWAYS_SEARCH_USER_PATHS = NO;
				ASSETCATALOG_COMPILER_GENERATE_SWIFT_ASSET_SYMBOL_EXTENSIONS = YES;
				CLANG_ANALYZER_NONNULL = YES;
				CLANG_ANALYZER_NUMBER_OBJECT_CONVERSION = YES_AGGRESSIVE;
				CLANG_CXX_LANGUAGE_STANDARD = "gnu++20";
				CLANG_ENABLE_MODULES = YES;
				CLANG_ENABLE_OBJC_ARC = YES;
				CLANG_ENABLE_OBJC_WEAK = YES;
				CLANG_WARN_BLOCK_CAPTURE_AUTORELEASING = YES;
				CLANG_WARN_BOOL_CONVERSION = YES;
				CLANG_WARN_COMMA = YES;
				CLANG_WARN_CONSTANT_CONVERSION = YES;
				CLANG_WARN_DEPRECATED_OBJC_IMPLEMENTATIONS = YES;
				CLANG_WARN_DIRECT_OBJC_ISA_USAGE = YES_ERROR;
				CLANG_WARN_DOCUMENTATION_COMMENTS = YES;
				CLANG_WARN_EMPTY_BODY = YES;
				CLANG_WARN_ENUM_CONVERSION = YES;
				CLANG_WARN_INFINITE_RECURSION = YES;
				CLANG_WARN_INT_CONVERSION = YES;
				CLANG_WARN_NON_LITERAL_NULL_CONVERSION = YES;
				CLANG_WARN_OBJC_IMPLICIT_RETAIN_SELF = YES;
				CLANG_WARN_OBJC_LITERAL_CONVERSION = YES;
				CLANG_WARN_OBJC_ROOT_CLASS = YES_ERROR;
				CLANG_WARN_QUOTED_INCLUDE_IN_FRAMEWORK_HEADER = YES;
				CLANG_WARN_RANGE_LOOP_ANALYSIS = YES;
				CLANG_WARN_STRICT_PROTOTYPES = YES;
				CLANG_WARN_SUSPICIOUS_MOVE = YES;
				CLANG_WARN_UNGUARDED_AVAILABILITY = YES_AGGRESSIVE;
				CLANG_WARN_UNREACHABLE_CODE = YES;
				CLANG_WARN__DUPLICATE_METHOD_MATCH = YES;
				COPY_PHASE_STRIP = NO;
				DEBUG_INFORMATION_FORMAT = "dwarf-with-dsym";
				DEVELOPMENT_TEAM = N8BZ833L9R;
				ENABLE_NS_ASSERTIONS = NO;
				ENABLE_STRICT_OBJC_MSGSEND = YES;
				ENABLE_USER_SCRIPT_SANDBOXING = YES;
				GCC_C_LANGUAGE_STANDARD = gnu17;
				GCC_NO_COMMON_BLOCKS = YES;
				GCC_WARN_64_TO_32_BIT_CONVERSION = YES;
				GCC_WARN_ABOUT_RETURN_TYPE = YES_ERROR;
				GCC_WARN_UNDECLARED_SELECTOR = YES;
				GCC_WARN_UNINITIALIZED_AUTOS = YES_AGGRESSIVE;
				GCC_WARN_UNUSED_FUNCTION = YES;
				GCC_WARN_UNUSED_VARIABLE = YES;
				LOCALIZATION_PREFERS_STRING_CATALOGS = YES;
				MTL_ENABLE_DEBUG_INFO = NO;
				MTL_FAST_MATH = YES;
				SWIFT_COMPILATION_MODE = wholemodule;
				SWIFT_EMIT_LOC_STRINGS = YES;
			};
			name = Release;
		};
		0F49BC1B2ECDFB430035ACDF /* Debug */ = {
			isa = XCBuildConfiguration;
			buildSettings = {
				ASSETCATALOG_COMPILER_APPICON_NAME = AppIcon;
				ASSETCATALOG_COMPILER_GLOBAL_ACCENT_COLOR_NAME = AccentColor;
				CODE_SIGN_ENTITLEMENTS = Ida/Ida.entitlements;
				CODE_SIGN_STYLE = Automatic;
				CURRENT_PROJECT_VERSION = 1;
				DEVELOPMENT_TEAM = 484NRR8XRN;
				ENABLE_APP_SANDBOX = YES;
				ENABLE_HARDENED_RUNTIME = YES;
				ENABLE_PREVIEWS = YES;
				ENABLE_USER_SELECTED_FILES = readonly;
				GENERATE_INFOPLIST_FILE = YES;
				INFOPLIST_FILE = Ida/Info.plist;
				INFOPLIST_KEY_CFBundleDisplayName = Ida;
				INFOPLIST_KEY_LSApplicationCategoryType = "public.app-category.utilities";
				"INFOPLIST_KEY_UIApplicationSceneManifest_Generation[sdk=iphoneos*]" = YES;
				"INFOPLIST_KEY_UIApplicationSceneManifest_Generation[sdk=iphonesimulator*]" = YES;
				"INFOPLIST_KEY_UIApplicationSupportsIndirectInputEvents[sdk=iphoneos*]" = YES;
				"INFOPLIST_KEY_UIApplicationSupportsIndirectInputEvents[sdk=iphonesimulator*]" = YES;
				"INFOPLIST_KEY_UILaunchScreen_Generation[sdk=iphoneos*]" = YES;
				"INFOPLIST_KEY_UILaunchScreen_Generation[sdk=iphonesimulator*]" = YES;
				"INFOPLIST_KEY_UIStatusBarStyle[sdk=iphoneos*]" = UIStatusBarStyleDefault;
				"INFOPLIST_KEY_UIStatusBarStyle[sdk=iphonesimulator*]" = UIStatusBarStyleDefault;
				INFOPLIST_KEY_UISupportedInterfaceOrientations_iPad = "UIInterfaceOrientationPortrait UIInterfaceOrientationPortraitUpsideDown UIInterfaceOrientationLandscapeLeft UIInterfaceOrientationLandscapeRight";
				INFOPLIST_KEY_UISupportedInterfaceOrientations_iPhone = "UIInterfaceOrientationPortrait UIInterfaceOrientationLandscapeLeft UIInterfaceOrientationLandscapeRight";
				IPHONEOS_DEPLOYMENT_TARGET = 26.0;
				LD_RUNPATH_SEARCH_PATHS = "@executable_path/Frameworks";
				"LD_RUNPATH_SEARCH_PATHS[sdk=macosx*]" = "@executable_path/../Frameworks";
				MACOSX_DEPLOYMENT_TARGET = 26.1;
				MARKETING_VERSION = 1.0;
				PRODUCT_BUNDLE_IDENTIFIER = com.maxheld.Ida;
				PRODUCT_NAME = "Ida: Baby Activity Logger";
				REGISTER_APP_GROUPS = YES;
				SDKROOT = auto;
				STRING_CATALOG_GENERATE_SYMBOLS = YES;
				SUPPORTED_PLATFORMS = "iphoneos iphonesimulator";
				SUPPORTS_MACCATALYST = NO;
				SWIFT_APPROACHABLE_CONCURRENCY = YES;
				SWIFT_DEFAULT_ACTOR_ISOLATION = MainActor;
				SWIFT_EMIT_LOC_STRINGS = YES;
				SWIFT_UPCOMING_FEATURE_MEMBER_IMPORT_VISIBILITY = YES;
				SWIFT_VERSION = 5.0;
				TARGETED_DEVICE_FAMILY = "1,2";
				XROS_DEPLOYMENT_TARGET = 26.1;
			};
			name = Debug;
		};
		0F49BC1C2ECDFB430035ACDF /* Release */ = {
			isa = XCBuildConfiguration;
			buildSettings = {
				ASSETCATALOG_COMPILER_APPICON_NAME = AppIcon;
				ASSETCATALOG_COMPILER_GLOBAL_ACCENT_COLOR_NAME = AccentColor;
				CODE_SIGN_ENTITLEMENTS = Ida/Ida.entitlements;
				CODE_SIGN_STYLE = Automatic;
				CURRENT_PROJECT_VERSION = 1;
				DEVELOPMENT_TEAM = 484NRR8XRN;
				ENABLE_APP_SANDBOX = YES;
				ENABLE_HARDENED_RUNTIME = YES;
				ENABLE_PREVIEWS = YES;
				ENABLE_USER_SELECTED_FILES = readonly;
				GENERATE_INFOPLIST_FILE = YES;
				INFOPLIST_FILE = Ida/Info.plist;
				INFOPLIST_KEY_CFBundleDisplayName = Ida;
				INFOPLIST_KEY_LSApplicationCategoryType = "public.app-category.utilities";
				"INFOPLIST_KEY_UIApplicationSceneManifest_Generation[sdk=iphoneos*]" = YES;
				"INFOPLIST_KEY_UIApplicationSceneManifest_Generation[sdk=iphonesimulator*]" = YES;
				"INFOPLIST_KEY_UIApplicationSupportsIndirectInputEvents[sdk=iphoneos*]" = YES;
				"INFOPLIST_KEY_UIApplicationSupportsIndirectInputEvents[sdk=iphonesimulator*]" = YES;
				"INFOPLIST_KEY_UILaunchScreen_Generation[sdk=iphoneos*]" = YES;
				"INFOPLIST_KEY_UILaunchScreen_Generation[sdk=iphonesimulator*]" = YES;
				"INFOPLIST_KEY_UIStatusBarStyle[sdk=iphoneos*]" = UIStatusBarStyleDefault;
				"INFOPLIST_KEY_UIStatusBarStyle[sdk=iphonesimulator*]" = UIStatusBarStyleDefault;
				INFOPLIST_KEY_UISupportedInterfaceOrientations_iPad = "UIInterfaceOrientationPortrait UIInterfaceOrientationPortraitUpsideDown UIInterfaceOrientationLandscapeLeft UIInterfaceOrientationLandscapeRight";
				INFOPLIST_KEY_UISupportedInterfaceOrientations_iPhone = "UIInterfaceOrientationPortrait UIInterfaceOrientationLandscapeLeft UIInterfaceOrientationLandscapeRight";
				IPHONEOS_DEPLOYMENT_TARGET = 26.0;
				LD_RUNPATH_SEARCH_PATHS = "@executable_path/Frameworks";
				"LD_RUNPATH_SEARCH_PATHS[sdk=macosx*]" = "@executable_path/../Frameworks";
				MACOSX_DEPLOYMENT_TARGET = 26.1;
				MARKETING_VERSION = 1.0;
				PRODUCT_BUNDLE_IDENTIFIER = com.maxheld.Ida;
				PRODUCT_NAME = "Ida: Baby Activity Logger";
				REGISTER_APP_GROUPS = YES;
				SDKROOT = auto;
				STRING_CATALOG_GENERATE_SYMBOLS = YES;
				SUPPORTED_PLATFORMS = "iphoneos iphonesimulator";
				SUPPORTS_MACCATALYST = NO;
				SWIFT_APPROACHABLE_CONCURRENCY = YES;
				SWIFT_DEFAULT_ACTOR_ISOLATION = MainActor;
				SWIFT_EMIT_LOC_STRINGS = YES;
				SWIFT_UPCOMING_FEATURE_MEMBER_IMPORT_VISIBILITY = YES;
				SWIFT_VERSION = 5.0;
				TARGETED_DEVICE_FAMILY = "1,2";
				XROS_DEPLOYMENT_TARGET = 26.1;
			};
			name = Release;
		};
		0F49BC1E2ECDFB430035ACDF /* Debug */ = {
			isa = XCBuildConfiguration;
			buildSettings = {
				BUNDLE_LOADER = "$(TEST_HOST)";
				CODE_SIGN_STYLE = Automatic;
				CURRENT_PROJECT_VERSION = 1;
				DEVELOPMENT_TEAM = N8BZ833L9R;
				GENERATE_INFOPLIST_FILE = YES;
				IPHONEOS_DEPLOYMENT_TARGET = 26.1;
				MACOSX_DEPLOYMENT_TARGET = 26.1;
				MARKETING_VERSION = 1.0;
				PRODUCT_BUNDLE_IDENTIFIER = com.maxheld.IdaTests;
				PRODUCT_NAME = "$(TARGET_NAME)";
				SDKROOT = auto;
				STRING_CATALOG_GENERATE_SYMBOLS = NO;
				SUPPORTED_PLATFORMS = "iphoneos iphonesimulator macosx xros xrsimulator";
				SWIFT_APPROACHABLE_CONCURRENCY = YES;
				SWIFT_EMIT_LOC_STRINGS = NO;
				SWIFT_UPCOMING_FEATURE_MEMBER_IMPORT_VISIBILITY = YES;
				SWIFT_VERSION = 5.0;
				TARGETED_DEVICE_FAMILY = "1,2,7";
				TEST_HOST = "$(BUILT_PRODUCTS_DIR)/Ida.app/$(BUNDLE_EXECUTABLE_FOLDER_PATH)/Ida";
				XROS_DEPLOYMENT_TARGET = 26.1;
			};
			name = Debug;
		};
		0F49BC1F2ECDFB430035ACDF /* Release */ = {
			isa = XCBuildConfiguration;
			buildSettings = {
				BUNDLE_LOADER = "$(TEST_HOST)";
				CODE_SIGN_STYLE = Automatic;
				CURRENT_PROJECT_VERSION = 1;
				DEVELOPMENT_TEAM = N8BZ833L9R;
				GENERATE_INFOPLIST_FILE = YES;
				IPHONEOS_DEPLOYMENT_TARGET = 26.1;
				MACOSX_DEPLOYMENT_TARGET = 26.1;
				MARKETING_VERSION = 1.0;
				PRODUCT_BUNDLE_IDENTIFIER = com.maxheld.IdaTests;
				PRODUCT_NAME = "$(TARGET_NAME)";
				SDKROOT = auto;
				STRING_CATALOG_GENERATE_SYMBOLS = NO;
				SUPPORTED_PLATFORMS = "iphoneos iphonesimulator macosx xros xrsimulator";
				SWIFT_APPROACHABLE_CONCURRENCY = YES;
				SWIFT_EMIT_LOC_STRINGS = NO;
				SWIFT_UPCOMING_FEATURE_MEMBER_IMPORT_VISIBILITY = YES;
				SWIFT_VERSION = 5.0;
				TARGETED_DEVICE_FAMILY = "1,2,7";
				TEST_HOST = "$(BUILT_PRODUCTS_DIR)/Ida.app/$(BUNDLE_EXECUTABLE_FOLDER_PATH)/Ida";
				XROS_DEPLOYMENT_TARGET = 26.1;
			};
			name = Release;
		};
		0F49BC212ECDFB430035ACDF /* Debug */ = {
			isa = XCBuildConfiguration;
			buildSettings = {
				CODE_SIGN_STYLE = Automatic;
				CURRENT_PROJECT_VERSION = 1;
				DEVELOPMENT_TEAM = N8BZ833L9R;
				GENERATE_INFOPLIST_FILE = YES;
				IPHONEOS_DEPLOYMENT_TARGET = 26.1;
				MACOSX_DEPLOYMENT_TARGET = 26.1;
				MARKETING_VERSION = 1.0;
				PRODUCT_BUNDLE_IDENTIFIER = com.maxheld.IdaUITests;
				PRODUCT_NAME = "$(TARGET_NAME)";
				SDKROOT = auto;
				STRING_CATALOG_GENERATE_SYMBOLS = NO;
				SUPPORTED_PLATFORMS = "iphoneos iphonesimulator macosx xros xrsimulator";
				SWIFT_APPROACHABLE_CONCURRENCY = YES;
				SWIFT_EMIT_LOC_STRINGS = NO;
				SWIFT_UPCOMING_FEATURE_MEMBER_IMPORT_VISIBILITY = YES;
				SWIFT_VERSION = 5.0;
				TARGETED_DEVICE_FAMILY = "1,2,7";
				TEST_TARGET_NAME = Ida;
				XROS_DEPLOYMENT_TARGET = 26.1;
			};
			name = Debug;
		};
		0F49BC222ECDFB430035ACDF /* Release */ = {
			isa = XCBuildConfiguration;
			buildSettings = {
				CODE_SIGN_STYLE = Automatic;
				CURRENT_PROJECT_VERSION = 1;
				DEVELOPMENT_TEAM = N8BZ833L9R;
				GENERATE_INFOPLIST_FILE = YES;
				IPHONEOS_DEPLOYMENT_TARGET = 26.1;
				MACOSX_DEPLOYMENT_TARGET = 26.1;
				MARKETING_VERSION = 1.0;
				PRODUCT_BUNDLE_IDENTIFIER = com.maxheld.IdaUITests;
				PRODUCT_NAME = "$(TARGET_NAME)";
				SDKROOT = auto;
				STRING_CATALOG_GENERATE_SYMBOLS = NO;
				SUPPORTED_PLATFORMS = "iphoneos iphonesimulator macosx xros xrsimulator";
				SWIFT_APPROACHABLE_CONCURRENCY = YES;
				SWIFT_EMIT_LOC_STRINGS = NO;
				SWIFT_UPCOMING_FEATURE_MEMBER_IMPORT_VISIBILITY = YES;
				SWIFT_VERSION = 5.0;
				TARGETED_DEVICE_FAMILY = "1,2,7";
				TEST_TARGET_NAME = Ida;
				XROS_DEPLOYMENT_TARGET = 26.1;
			};
			name = Release;
		};
/* End XCBuildConfiguration section */

/* Begin XCConfigurationList section */
		0F49BBF42ECDFB420035ACDF /* Build configuration list for PBXProject "Ida" */ = {
			isa = XCConfigurationList;
			buildConfigurations = (
				0F49BC182ECDFB430035ACDF /* Debug */,
				0F49BC192ECDFB430035ACDF /* Release */,
			);
			defaultConfigurationIsVisible = 0;
			defaultConfigurationName = Release;
		};
		0F49BC1A2ECDFB430035ACDF /* Build configuration list for PBXNativeTarget "Ida" */ = {
			isa = XCConfigurationList;
			buildConfigurations = (
				0F49BC1B2ECDFB430035ACDF /* Debug */,
				0F49BC1C2ECDFB430035ACDF /* Release */,
			);
			defaultConfigurationIsVisible = 0;
			defaultConfigurationName = Release;
		};
		0F49BC1D2ECDFB430035ACDF /* Build configuration list for PBXNativeTarget "IdaTests" */ = {
			isa = XCConfigurationList;
			buildConfigurations = (
				0F49BC1E2ECDFB430035ACDF /* Debug */,
				0F49BC1F2ECDFB430035ACDF /* Release */,
			);
			defaultConfigurationIsVisible = 0;
			defaultConfigurationName = Release;
		};
		0F49BC202ECDFB430035ACDF /* Build configuration list for PBXNativeTarget "IdaUITests" */ = {
			isa = XCConfigurationList;
			buildConfigurations = (
				0F49BC212ECDFB430035ACDF /* Debug */,
				0F49BC222ECDFB430035ACDF /* Release */,
			);
			defaultConfigurationIsVisible = 0;
			defaultConfigurationName = Release;
		};
/* End XCConfigurationList section */

/* Begin XCRemoteSwiftPackageReference section */
		0F9862BD2ECE1EC500E5B45C /* XCRemoteSwiftPackageReference "sqlite-data" */ = {
			isa = XCRemoteSwiftPackageReference;
			repositoryURL = "https://github.com/pointfreeco/sqlite-data";
			requirement = {
				kind = upToNextMajorVersion;
				minimumVersion = 1.3.0;
			};
		};
		0F9862CA2ED4FB6F00E5B45C /* XCRemoteSwiftPackageReference "swiftui-navigation" */ = {
			isa = XCRemoteSwiftPackageReference;
			repositoryURL = "https://github.com/pointfreeco/swiftui-navigation";
			requirement = {
				kind = upToNextMajorVersion;
				minimumVersion = 1.5.5;
			};
		};
/* End XCRemoteSwiftPackageReference section */

/* Begin XCSwiftPackageProductDependency section */
		0F9862BE2ECE1EC500E5B45C /* SQLiteData */ = {
			isa = XCSwiftPackageProductDependency;
			package = 0F9862BD2ECE1EC500E5B45C /* XCRemoteSwiftPackageReference "sqlite-data" */;
			productName = SQLiteData;
		};
		0F9862C02ECE1EC500E5B45C /* SQLiteDataTestSupport */ = {
			isa = XCSwiftPackageProductDependency;
			package = 0F9862BD2ECE1EC500E5B45C /* XCRemoteSwiftPackageReference "sqlite-data" */;
			productName = SQLiteDataTestSupport;
		};
		0F9862CB2ED4FB6F00E5B45C /* SwiftUINavigation */ = {
			isa = XCSwiftPackageProductDependency;
			package = 0F9862CA2ED4FB6F00E5B45C /* XCRemoteSwiftPackageReference "swiftui-navigation" */;
			productName = SwiftUINavigation;
		};
		0F9862CD2ED4FB6F00E5B45C /* SwiftUINavigationCore */ = {
			isa = XCSwiftPackageProductDependency;
			package = 0F9862CA2ED4FB6F00E5B45C /* XCRemoteSwiftPackageReference "swiftui-navigation" */;
			productName = SwiftUINavigationCore;
		};
/* End XCSwiftPackageProductDependency section */
	};
	rootObject = 0F49BBF12ECDFB420035ACDF /* Project object */;
}
